// !$*UTF8*$!
{
	archiveVersion = 1;
	classes = {
	};
	objectVersion = 55;
	objects = {

/* Begin PBXBuildFile section */
		3981FDFA2717C8280012F638 /* DogFactsApp.swift in Sources */ = {isa = PBXBuildFile; fileRef = 3981FDF92717C8280012F638 /* DogFactsApp.swift */; };
		3981FDFC2717C8280012F638 /* ContentView.swift in Sources */ = {isa = PBXBuildFile; fileRef = 3981FDFB2717C8280012F638 /* ContentView.swift */; };
		3981FDFE2717C8320012F638 /* Assets.xcassets in Resources */ = {isa = PBXBuildFile; fileRef = 3981FDFD2717C8320012F638 /* Assets.xcassets */; };
		3981FE012717C8320012F638 /* Preview Assets.xcassets in Resources */ = {isa = PBXBuildFile; fileRef = 3981FE002717C8320012F638 /* Preview Assets.xcassets */; };
		3981FE092717D16C0012F638 /* APIConstants.swift in Sources */ = {isa = PBXBuildFile; fileRef = 3981FE082717D16C0012F638 /* APIConstants.swift */; };
		3981FE0F2717D4190012F638 /* Fact.swift in Sources */ = {isa = PBXBuildFile; fileRef = 3981FE0E2717D4190012F638 /* Fact.swift */; };
		3981FE122717D6900012F638 /* FactsScreen.swift in Sources */ = {isa = PBXBuildFile; fileRef = 3981FE112717D6900012F638 /* FactsScreen.swift */; };
		3981FE1527186A040012F638 /* FactView.swift in Sources */ = {isa = PBXBuildFile; fileRef = 3981FE1427186A030012F638 /* FactView.swift */; };
/* End PBXBuildFile section */

/* Begin PBXFileReference section */
		3981FDF62717C8280012F638 /* DogFacts.app */ = {isa = PBXFileReference; explicitFileType = wrapper.application; includeInIndex = 0; path = DogFacts.app; sourceTree = BUILT_PRODUCTS_DIR; };
		3981FDF92717C8280012F638 /* DogFactsApp.swift */ = {isa = PBXFileReference; lastKnownFileType = sourcecode.swift; path = DogFactsApp.swift; sourceTree = "<group>"; };
		3981FDFB2717C8280012F638 /* ContentView.swift */ = {isa = PBXFileReference; lastKnownFileType = sourcecode.swift; path = ContentView.swift; sourceTree = "<group>"; };
		3981FDFD2717C8320012F638 /* Assets.xcassets */ = {isa = PBXFileReference; lastKnownFileType = folder.assetcatalog; path = Assets.xcassets; sourceTree = "<group>"; };
		3981FE002717C8320012F638 /* Preview Assets.xcassets */ = {isa = PBXFileReference; lastKnownFileType = folder.assetcatalog; path = "Preview Assets.xcassets"; sourceTree = "<group>"; };
		3981FE082717D16C0012F638 /* APIConstants.swift */ = {isa = PBXFileReference; lastKnownFileType = sourcecode.swift; path = APIConstants.swift; sourceTree = "<group>"; };
		3981FE0E2717D4190012F638 /* Fact.swift */ = {isa = PBXFileReference; lastKnownFileType = sourcecode.swift; path = Fact.swift; sourceTree = "<group>"; };
		3981FE112717D6900012F638 /* FactsScreen.swift */ = {isa = PBXFileReference; lastKnownFileType = sourcecode.swift; path = FactsScreen.swift; sourceTree = "<group>"; };
		3981FE1427186A030012F638 /* FactView.swift */ = {isa = PBXFileReference; lastKnownFileType = sourcecode.swift; path = FactView.swift; sourceTree = "<group>"; };
/* End PBXFileReference section */

/* Begin PBXFrameworksBuildPhase section */
		3981FDF32717C8280012F638 /* Frameworks */ = {
			isa = PBXFrameworksBuildPhase;
			buildActionMask = 2147483647;
			files = (
			);
			runOnlyForDeploymentPostprocessing = 0;
		};
/* End PBXFrameworksBuildPhase section */

/* Begin PBXGroup section */
		3981FDED2717C8280012F638 = {
			isa = PBXGroup;
			children = (
				3981FDF82717C8280012F638 /* DogFacts */,
				3981FDF72717C8280012F638 /* Products */,
			);
			sourceTree = "<group>";
		};
		3981FDF72717C8280012F638 /* Products */ = {
			isa = PBXGroup;
			children = (
				3981FDF62717C8280012F638 /* DogFacts.app */,
			);
			name = Products;
			sourceTree = "<group>";
		};
		3981FDF82717C8280012F638 /* DogFacts */ = {
			isa = PBXGroup;
			children = (
				3981FE0A2717D3D10012F638 /* Feature */,
				3981FE072717D0630012F638 /* Constants */,
				3981FDF92717C8280012F638 /* DogFactsApp.swift */,
				3981FDFB2717C8280012F638 /* ContentView.swift */,
				3981FDFD2717C8320012F638 /* Assets.xcassets */,
				3981FDFF2717C8320012F638 /* Preview Content */,
			);
			path = DogFacts;
			sourceTree = "<group>";
		};
		3981FDFF2717C8320012F638 /* Preview Content */ = {
			isa = PBXGroup;
			children = (
				3981FE002717C8320012F638 /* Preview Assets.xcassets */,
			);
			path = "Preview Content";
			sourceTree = "<group>";
		};
		3981FE072717D0630012F638 /* Constants */ = {
			isa = PBXGroup;
			children = (
				3981FE082717D16C0012F638 /* APIConstants.swift */,
			);
			path = Constants;
			sourceTree = "<group>";
		};
		3981FE0A2717D3D10012F638 /* Feature */ = {
			isa = PBXGroup;
			children = (
				3981FE0B2717D3E30012F638 /* Facts */,
			);
			path = Feature;
			sourceTree = "<group>";
		};
		3981FE0B2717D3E30012F638 /* Facts */ = {
			isa = PBXGroup;
			children = (
				3981FE13271869B90012F638 /* Views */,
				3981FE102717D6730012F638 /* Screen */,
				3981FE0C2717D3F80012F638 /* Model */,
			);
			path = Facts;
			sourceTree = "<group>";
		};
		3981FE0C2717D3F80012F638 /* Model */ = {
			isa = PBXGroup;
			children = (
				3981FE0E2717D4190012F638 /* Fact.swift */,
			);
			path = Model;
			sourceTree = "<group>";
		};
		3981FE102717D6730012F638 /* Screen */ = {
			isa = PBXGroup;
			children = (
				3981FE112717D6900012F638 /* FactsScreen.swift */,
			);
			path = Screen;
			sourceTree = "<group>";
		};
		3981FE13271869B90012F638 /* Views */ = {
			isa = PBXGroup;
			children = (
				3981FE1427186A030012F638 /* FactView.swift */,
			);
			path = Views;
			sourceTree = "<group>";
		};
/* End PBXGroup section */

/* Begin PBXNativeTarget section */
		3981FDF52717C8280012F638 /* DogFacts */ = {
			isa = PBXNativeTarget;
			buildConfigurationList = 3981FE042717C8320012F638 /* Build configuration list for PBXNativeTarget "DogFacts" */;
			buildPhases = (
				3981FDF22717C8280012F638 /* Sources */,
				3981FDF32717C8280012F638 /* Frameworks */,
				3981FDF42717C8280012F638 /* Resources */,
			);
			buildRules = (
			);
			dependencies = (
			);
			name = DogFacts;
			productName = DogFacts;
			productReference = 3981FDF62717C8280012F638 /* DogFacts.app */;
			productType = "com.apple.product-type.application";
		};
/* End PBXNativeTarget section */

/* Begin PBXProject section */
		3981FDEE2717C8280012F638 /* Project object */ = {
			isa = PBXProject;
			attributes = {
				BuildIndependentTargetsInParallel = 1;
				LastSwiftUpdateCheck = 1300;
				LastUpgradeCheck = 1300;
				TargetAttributes = {
					3981FDF52717C8280012F638 = {
						CreatedOnToolsVersion = 13.0;
					};
				};
			};
			buildConfigurationList = 3981FDF12717C8280012F638 /* Build configuration list for PBXProject "DogFacts" */;
			compatibilityVersion = "Xcode 13.0";
			developmentRegion = en;
			hasScannedForEncodings = 0;
			knownRegions = (
				en,
				Base,
			);
			mainGroup = 3981FDED2717C8280012F638;
			productRefGroup = 3981FDF72717C8280012F638 /* Products */;
			projectDirPath = "";
			projectRoot = "";
			targets = (
				3981FDF52717C8280012F638 /* DogFacts */,
			);
		};
/* End PBXProject section */

/* Begin PBXResourcesBuildPhase section */
		3981FDF42717C8280012F638 /* Resources */ = {
			isa = PBXResourcesBuildPhase;
			buildActionMask = 2147483647;
			files = (
				3981FE012717C8320012F638 /* Preview Assets.xcassets in Resources */,
				3981FDFE2717C8320012F638 /* Assets.xcassets in Resources */,
			);
			runOnlyForDeploymentPostprocessing = 0;
		};
/* End PBXResourcesBuildPhase section */

/* Begin PBXSourcesBuildPhase section */
		3981FDF22717C8280012F638 /* Sources */ = {
			isa = PBXSourcesBuildPhase;
			buildActionMask = 2147483647;
			files = (
				3981FE1527186A040012F638 /* FactView.swift in Sources */,
				3981FE122717D6900012F638 /* FactsScreen.swift in Sources */,
				3981FDFC2717C8280012F638 /* ContentView.swift in Sources */,
				3981FDFA2717C8280012F638 /* DogFactsApp.swift in Sources */,
				3981FE092717D16C0012F638 /* APIConstants.swift in Sources */,
				3981FE0F2717D4190012F638 /* Fact.swift in Sources */,
			);
			runOnlyForDeploymentPostprocessing = 0;
		};
/* End PBXSourcesBuildPhase section */

/* Begin XCBuildConfiguration section */
		3981FE022717C8320012F638 /* Debug */ = {
			isa = XCBuildConfiguration;
			buildSettings = {
				ALWAYS_SEARCH_USER_PATHS = NO;
				CLANG_ANALYZER_NONNULL = YES;
				CLANG_ANALYZER_NUMBER_OBJECT_CONVERSION = YES_AGGRESSIVE;
				CLANG_CXX_LANGUAGE_STANDARD = "gnu++17";
				CLANG_CXX_LIBRARY = "libc++";
				CLANG_ENABLE_MODULES = YES;
				CLANG_ENABLE_OBJC_ARC = YES;
				CLANG_ENABLE_OBJC_WEAK = YES;
				CLANG_WARN_BLOCK_CAPTURE_AUTORELEASING = YES;
				CLANG_WARN_BOOL_CONVERSION = YES;
				CLANG_WARN_COMMA = YES;
				CLANG_WARN_CONSTANT_CONVERSION = YES;
				CLANG_WARN_DEPRECATED_OBJC_IMPLEMENTATIONS = YES;
				CLANG_WARN_DIRECT_OBJC_ISA_USAGE = YES_ERROR;
				CLANG_WARN_DOCUMENTATION_COMMENTS = YES;
				CLANG_WARN_EMPTY_BODY = YES;
				CLANG_WARN_ENUM_CONVERSION = YES;
				CLANG_WARN_INFINITE_RECURSION = YES;
				CLANG_WARN_INT_CONVERSION = YES;
				CLANG_WARN_NON_LITERAL_NULL_CONVERSION = YES;
				CLANG_WARN_OBJC_IMPLICIT_RETAIN_SELF = YES;
				CLANG_WARN_OBJC_LITERAL_CONVERSION = YES;
				CLANG_WARN_OBJC_ROOT_CLASS = YES_ERROR;
				CLANG_WARN_QUOTED_INCLUDE_IN_FRAMEWORK_HEADER = YES;
				CLANG_WARN_RANGE_LOOP_ANALYSIS = YES;
				CLANG_WARN_STRICT_PROTOTYPES = YES;
				CLANG_WARN_SUSPICIOUS_MOVE = YES;
				CLANG_WARN_UNGUARDED_AVAILABILITY = YES_AGGRESSIVE;
				CLANG_WARN_UNREACHABLE_CODE = YES;
				CLANG_WARN__DUPLICATE_METHOD_MATCH = YES;
				COPY_PHASE_STRIP = NO;
				DEBUG_INFORMATION_FORMAT = dwarf;
				ENABLE_STRICT_OBJC_MSGSEND = YES;
				ENABLE_TESTABILITY = YES;
				GCC_C_LANGUAGE_STANDARD = gnu11;
				GCC_DYNAMIC_NO_PIC = NO;
				GCC_NO_COMMON_BLOCKS = YES;
				GCC_OPTIMIZATION_LEVEL = 0;
				GCC_PREPROCESSOR_DEFINITIONS = (
					"DEBUG=1",
					"$(inherited)",
				);
				GCC_WARN_64_TO_32_BIT_CONVERSION = YES;
				GCC_WARN_ABOUT_RETURN_TYPE = YES_ERROR;
				GCC_WARN_UNDECLARED_SELECTOR = YES;
				GCC_WARN_UNINITIALIZED_AUTOS = YES_AGGRESSIVE;
				GCC_WARN_UNUSED_FUNCTION = YES;
				GCC_WARN_UNUSED_VARIABLE = YES;
				IPHONEOS_DEPLOYMENT_TARGET = 15.0;
				MTL_ENABLE_DEBUG_INFO = INCLUDE_SOURCE;
				MTL_FAST_MATH = YES;
				ONLY_ACTIVE_ARCH = YES;
				SDKROOT = iphoneos;
				SWIFT_ACTIVE_COMPILATION_CONDITIONS = DEBUG;
				SWIFT_OPTIMIZATION_LEVEL = "-Onone";
			};
			name = Debug;
		};
		3981FE032717C8320012F638 /* Release */ = {
			isa = XCBuildConfiguration;
			buildSettings = {
				ALWAYS_SEARCH_USER_PATHS = NO;
				CLANG_ANALYZER_NONNULL = YES;
				CLANG_ANALYZER_NUMBER_OBJECT_CONVERSION = YES_AGGRESSIVE;
				CLANG_CXX_LANGUAGE_STANDARD = "gnu++17";
				CLANG_CXX_LIBRARY = "libc++";
				CLANG_ENABLE_MODULES = YES;
				CLANG_ENABLE_OBJC_ARC = YES;
				CLANG_ENABLE_OBJC_WEAK = YES;
				CLANG_WARN_BLOCK_CAPTURE_AUTORELEASING = YES;
				CLANG_WARN_BOOL_CONVERSION = YES;
				CLANG_WARN_COMMA = YES;
				CLANG_WARN_CONSTANT_CONVERSION = YES;
				CLANG_WARN_DEPRECATED_OBJC_IMPLEMENTATIONS = YES;
				CLANG_WARN_DIRECT_OBJC_ISA_USAGE = YES_ERROR;
				CLANG_WARN_DOCUMENTATION_COMMENTS = YES;
				CLANG_WARN_EMPTY_BODY = YES;
				CLANG_WARN_ENUM_CONVERSION = YES;
				CLANG_WARN_INFINITE_RECURSION = YES;
				CLANG_WARN_INT_CONVERSION = YES;
				CLANG_WARN_NON_LITERAL_NULL_CONVERSION = YES;
				CLANG_WARN_OBJC_IMPLICIT_RETAIN_SELF = YES;
				CLANG_WARN_OBJC_LITERAL_CONVERSION = YES;
				CLANG_WARN_OBJC_ROOT_CLASS = YES_ERROR;
				CLANG_WARN_QUOTED_INCLUDE_IN_FRAMEWORK_HEADER = YES;
				CLANG_WARN_RANGE_LOOP_ANALYSIS = YES;
				CLANG_WARN_STRICT_PROTOTYPES = YES;
				CLANG_WARN_SUSPICIOUS_MOVE = YES;
				CLANG_WARN_UNGUARDED_AVAILABILITY = YES_AGGRESSIVE;
				CLANG_WARN_UNREACHABLE_CODE = YES;
				CLANG_WARN__DUPLICATE_METHOD_MATCH = YES;
				COPY_PHASE_STRIP = NO;
				DEBUG_INFORMATION_FORMAT = "dwarf-with-dsym";
				ENABLE_NS_ASSERTIONS = NO;
				ENABLE_STRICT_OBJC_MSGSEND = YES;
				GCC_C_LANGUAGE_STANDARD = gnu11;
				GCC_NO_COMMON_BLOCKS = YES;
				GCC_WARN_64_TO_32_BIT_CONVERSION = YES;
				GCC_WARN_ABOUT_RETURN_TYPE = YES_ERROR;
				GCC_WARN_UNDECLARED_SELECTOR = YES;
				GCC_WARN_UNINITIALIZED_AUTOS = YES_AGGRESSIVE;
				GCC_WARN_UNUSED_FUNCTION = YES;
				GCC_WARN_UNUSED_VARIABLE = YES;
				IPHONEOS_DEPLOYMENT_TARGET = 15.0;
				MTL_ENABLE_DEBUG_INFO = NO;
				MTL_FAST_MATH = YES;
				SDKROOT = iphoneos;
				SWIFT_COMPILATION_MODE = wholemodule;
				SWIFT_OPTIMIZATION_LEVEL = "-O";
				VALIDATE_PRODUCT = YES;
			};
			name = Release;
		};
		3981FE052717C8320012F638 /* Debug */ = {
			isa = XCBuildConfiguration;
			buildSettings = {
				ASSETCATALOG_COMPILER_APPICON_NAME = AppIcon;
				ASSETCATALOG_COMPILER_GLOBAL_ACCENT_COLOR_NAME = AccentColor;
				CODE_SIGN_STYLE = Automatic;
				CURRENT_PROJECT_VERSION = 1;
				DEVELOPMENT_ASSET_PATHS = "\"DogFacts/Preview Content\"";
				DEVELOPMENT_TEAM = U7N3AQ6LLP;
				ENABLE_PREVIEWS = YES;
				GENERATE_INFOPLIST_FILE = YES;
				INFOPLIST_KEY_UIApplicationSceneManifest_Generation = YES;
				INFOPLIST_KEY_UIApplicationSupportsIndirectInputEvents = YES;
				INFOPLIST_KEY_UILaunchScreen_Generation = YES;
				INFOPLIST_KEY_UISupportedInterfaceOrientations_iPad = "UIInterfaceOrientationPortrait UIInterfaceOrientationPortraitUpsideDown UIInterfaceOrientationLandscapeLeft UIInterfaceOrientationLandscapeRight";
				INFOPLIST_KEY_UISupportedInterfaceOrientations_iPhone = "UIInterfaceOrientationPortrait UIInterfaceOrientationLandscapeLeft UIInterfaceOrientationLandscapeRight";
				IPHONEOS_DEPLOYMENT_TARGET = 15.0;
				LD_RUNPATH_SEARCH_PATHS = (
					"$(inherited)",
					"@executable_path/Frameworks",
				);
				MARKETING_VERSION = 1.0;
				PRODUCT_BUNDLE_IDENTIFIER = ca.wonderwaffle.DogFacts;
				PRODUCT_NAME = "$(TARGET_NAME)";
				SWIFT_EMIT_LOC_STRINGS = YES;
				SWIFT_VERSION = 5.0;
				TARGETED_DEVICE_FAMILY = "1,2";
			};
			name = Debug;
		};
		3981FE062717C8320012F638 /* Release */ = {
			isa = XCBuildConfiguration;
			buildSettings = {
				ASSETCATALOG_COMPILER_APPICON_NAME = AppIcon;
				ASSETCATALOG_COMPILER_GLOBAL_ACCENT_COLOR_NAME = AccentColor;
				CODE_SIGN_STYLE = Automatic;
				CURRENT_PROJECT_VERSION = 1;
				DEVELOPMENT_ASSET_PATHS = "\"DogFacts/Preview Content\"";
				DEVELOPMENT_TEAM = U7N3AQ6LLP;
				ENABLE_PREVIEWS = YES;
				GENERATE_INFOPLIST_FILE = YES;
				INFOPLIST_KEY_UIApplicationSceneManifest_Generation = YES;
				INFOPLIST_KEY_UIApplicationSupportsIndirectInputEvents = YES;
				INFOPLIST_KEY_UILaunchScreen_Generation = YES;
				INFOPLIST_KEY_UISupportedInterfaceOrientations_iPad = "UIInterfaceOrientationPortrait UIInterfaceOrientationPortraitUpsideDown UIInterfaceOrientationLandscapeLeft UIInterfaceOrientationLandscapeRight";
				INFOPLIST_KEY_UISupportedInterfaceOrientations_iPhone = "UIInterfaceOrientationPortrait UIInterfaceOrientationLandscapeLeft UIInterfaceOrientationLandscapeRight";
				IPHONEOS_DEPLOYMENT_TARGET = 15.0;
				LD_RUNPATH_SEARCH_PATHS = (
					"$(inherited)",
					"@executable_path/Frameworks",
				);
				MARKETING_VERSION = 1.0;
				PRODUCT_BUNDLE_IDENTIFIER = ca.wonderwaffle.DogFacts;
				PRODUCT_NAME = "$(TARGET_NAME)";
				SWIFT_EMIT_LOC_STRINGS = YES;
				SWIFT_VERSION = 5.0;
				TARGETED_DEVICE_FAMILY = "1,2";
			};
			name = Release;
		};
/* End XCBuildConfiguration section */

/* Begin XCConfigurationList section */
		3981FDF12717C8280012F638 /* Build configuration list for PBXProject "DogFacts" */ = {
			isa = XCConfigurationList;
			buildConfigurations = (
				3981FE022717C8320012F638 /* Debug */,
				3981FE032717C8320012F638 /* Release */,
			);
			defaultConfigurationIsVisible = 0;
			defaultConfigurationName = Release;
		};
		3981FE042717C8320012F638 /* Build configuration list for PBXNativeTarget "DogFacts" */ = {
			isa = XCConfigurationList;
			buildConfigurations = (
				3981FE052717C8320012F638 /* Debug */,
				3981FE062717C8320012F638 /* Release */,
			);
			defaultConfigurationIsVisible = 0;
			defaultConfigurationName = Release;
		};
/* End XCConfigurationList section */
	};
	rootObject = 3981FDEE2717C8280012F638 /* Project object */;
}
